
Microsoft Visual Studio Solution File, Format Version 12.00
# Visual Studio Version 17
VisualStudioVersion = 17.8.34322.80
MinimumVisualStudioVersion = 10.0.40219.1
Project("{8BC9CEB8-8B4A-11D0-8D11-00A0C91BC942}") = "httpserver", "httpserver.vcxproj", "{C4ABD653-967B-41A0-94C9-7F4543CA3168}"
EndProject
Global
	GlobalSection(SolutionConfigurationPlatforms) = preSolution
		Debug|x64 = Debug|x64
		Debug|x86 = Debug|x86
		Release|x64 = Release|x64
		Release|x86 = Release|x86
	EndGlobalSection
	GlobalSection(ProjectConfigurationPlatforms) = postSolution
		{C4ABD653-967B-41A0-94C9-7F4543CA3168}.Debug|x64.ActiveCfg = Debug|x64
		{C4ABD653-967B-41A0-94C9-7F4543CA3168}.Debug|x64.Build.0 = Debug|x64
		{C4ABD653-967B-41A0-94C9-7F4543CA3168}.Debug|x86.ActiveCfg = Debug|Win32
		{C4ABD653-967B-41A0-94C9-7F4543CA3168}.Debug|x86.Build.0 = Debug|Win32
		{C4ABD653-967B-41A0-94C9-7F4543CA3168}.Release|x64.ActiveCfg = Release|x64
		{C4ABD653-967B-41A0-94C9-7F4543CA3168}.Release|x64.Build.0 = Release|x64
		{C4ABD653-967B-41A0-94C9-7F4543CA3168}.Release|x86.ActiveCfg = Release|Win32
		{C4ABD653-967B-41A0-94C9-7F4543CA3168}.Release|x86.Build.0 = Release|Win32
	EndGlobalSection
	GlobalSection(SolutionProperties) = preSolution
		HideSolutionNode = FALSE
	EndGlobalSection
	GlobalSection(ExtensibilityGlobals) = postSolution
		SolutionGuid = {90A0FFD4-3911-4CD5-A3A4-F3C6F5E66E16}
	EndGlobalSection
EndGlobal
